
Microsoft Visual Studio Solution File, Format Version 12.00
# Visual Studio Version 17
VisualStudioVersion = 17.6.33801.468
MinimumVisualStudioVersion = 10.0.40219.1
Project("{FAE04EC0-301F-11D3-BF4B-00C04F79EFBC}") = "CS203X", "CS203X.csproj", "{A858AFD5-B6C1-4FFB-939F-FCAAB44812DA}"
EndProject
Global
	GlobalSection(SolutionConfigurationPlatforms) = preSolution
		Debug|Any CPU = Debug|Any CPU
		Release|Any CPU = Release|Any CPU
	EndGlobalSection
	GlobalSection(ProjectConfigurationPlatforms) = postSolution
		{A858AFD5-B6C1-4FFB-939F-FCAAB44812DA}.Debug|Any CPU.ActiveCfg = Debug|Any CPU
		{A858AFD5-B6C1-4FFB-939F-FCAAB44812DA}.Debug|Any CPU.Build.0 = Debug|Any CPU
		{A858AFD5-B6C1-4FFB-939F-FCAAB44812DA}.Release|Any CPU.ActiveCfg = Release|Any CPU
		{A858AFD5-B6C1-4FFB-939F-FCAAB44812DA}.Release|Any CPU.Build.0 = Release|Any CPU
	EndGlobalSection
	GlobalSection(SolutionProperties) = preSolution
		HideSolutionNode = FALSE
	EndGlobalSection
	GlobalSection(ExtensibilityGlobals) = postSolution
		SolutionGuid = {F07F319A-3422-4254-996E-B778D04CB0A1}
	EndGlobalSection
EndGlobal
